
Microsoft Visual Studio Solution File, Format Version 12.00
# Visual Studio Version 17
VisualStudioVersion = 17.3.32929.385
MinimumVisualStudioVersion = 10.0.40219.1
Project("{8BC9CEB8-8B4A-11D0-8D11-00A0C91BC942}") = "JaAsm", "JaAsm\JaAsm.vcxproj", "{9A48323D-6588-497B-B576-330EB5CAEB4E}"
EndProject
Project("{8BC9CEB8-8B4A-11D0-8D11-00A0C91BC942}") = "Application", "Application\Application.vcxproj", "{4449F626-9683-4215-8C2F-5757A5E18F7F}"
	ProjectSection(ProjectDependencies) = postProject
		{9A48323D-6588-497B-B576-330EB5CAEB4E} = {9A48323D-6588-497B-B576-330EB5CAEB4E}
	EndProjectSection
EndProject
Global
	GlobalSection(SolutionConfigurationPlatforms) = preSolution
		Debug|x64 = Debug|x64
		Debug|x86 = Debug|x86
		Release|x64 = Release|x64
		Release|x86 = Release|x86
	EndGlobalSection
	GlobalSection(ProjectConfigurationPlatforms) = postSolution
		{9A48323D-6588-497B-B576-330EB5CAEB4E}.Debug|x64.ActiveCfg = Debug|x64
		{9A48323D-6588-497B-B576-330EB5CAEB4E}.Debug|x64.Build.0 = Debug|x64
		{9A48323D-6588-497B-B576-330EB5CAEB4E}.Debug|x86.ActiveCfg = Debug|x64
		{9A48323D-6588-497B-B576-330EB5CAEB4E}.Debug|x86.Build.0 = Debug|x64
		{9A48323D-6588-497B-B576-330EB5CAEB4E}.Release|x64.ActiveCfg = Release|x64
		{9A48323D-6588-497B-B576-330EB5CAEB4E}.Release|x64.Build.0 = Release|x64
		{9A48323D-6588-497B-B576-330EB5CAEB4E}.Release|x86.ActiveCfg = Release|Win32
		{9A48323D-6588-497B-B576-330EB5CAEB4E}.Release|x86.Build.0 = Release|Win32
		{4449F626-9683-4215-8C2F-5757A5E18F7F}.Debug|x64.ActiveCfg = Debug|x64
		{4449F626-9683-4215-8C2F-5757A5E18F7F}.Debug|x64.Build.0 = Debug|x64
		{4449F626-9683-4215-8C2F-5757A5E18F7F}.Debug|x86.ActiveCfg = Debug|x64
		{4449F626-9683-4215-8C2F-5757A5E18F7F}.Debug|x86.Build.0 = Debug|x64
		{4449F626-9683-4215-8C2F-5757A5E18F7F}.Release|x64.ActiveCfg = Release|x64
		{4449F626-9683-4215-8C2F-5757A5E18F7F}.Release|x64.Build.0 = Release|x64
		{4449F626-9683-4215-8C2F-5757A5E18F7F}.Release|x86.ActiveCfg = Release|Win32
		{4449F626-9683-4215-8C2F-5757A5E18F7F}.Release|x86.Build.0 = Release|Win32
	EndGlobalSection
	GlobalSection(SolutionProperties) = preSolution
		HideSolutionNode = FALSE
	EndGlobalSection
	GlobalSection(ExtensibilityGlobals) = postSolution
		SolutionGuid = {6AF110B4-9A93-46EB-A2D8-D1629E99DFBB}
	EndGlobalSection
EndGlobal
